apiVersion: vendir.k14s.io/v1alpha1
directories:
- contents:
  - manual: {}
    path: kustomization.yaml
  - manual: {}
    path: patches
  - githubRelease:
      tag: v1.8.0
      url: https://api.github.com/repos/cert-manager/cert-manager/releases/63665514
    path: cert-manager
  - http: {}
    path: spire
  path: platform/vendor
kind: LockConfig
